// !$*UTF8*$!
{
	archiveVersion = 1;
	classes = {
	};
	objectVersion = 56;
	objects = {

/* Begin PBXBuildFile section */
		0468ECDC2CD556EC00F292E5 /* Kingfisher in Frameworks */ = {isa = PBXBuildFile; productRef = 0468ECDB2CD556EC00F292E5 /* Kingfisher */; };
		0468ECDF2CD5572300F292E5 /* Alamofire in Frameworks */ = {isa = PBXBuildFile; productRef = 0468ECDE2CD5572300F292E5 /* Alamofire */; };
		0468ECE12CD58A3F00F292E5 /* TokenRow.swift in Sources */ = {isa = PBXBuildFile; fileRef = 0468ECE02CD58A3F00F292E5 /* TokenRow.swift */; };
		0468ECED2CD58F0200F292E5 /* Avenir-Black.otf in Resources */ = {isa = PBXBuildFile; fileRef = 0468ECEC2CD58F0200F292E5 /* Avenir-Black.otf */; };
		0468ECEF2CD58F0900F292E5 /* Avenir-Medium.otf in Resources */ = {isa = PBXBuildFile; fileRef = 0468ECEE2CD58F0900F292E5 /* Avenir-Medium.otf */; };
		0468ECF12CD58F1900F292E5 /* Avenir-Heavy.otf in Resources */ = {isa = PBXBuildFile; fileRef = 0468ECF02CD58F1900F292E5 /* Avenir-Heavy.otf */; };
		049BD35B2C7421E100EAA729 /* TokenDetails.swift in Sources */ = {isa = PBXBuildFile; fileRef = 049BD35A2C7421E100EAA729 /* TokenDetails.swift */; };
		049BD35D2C74230900EAA729 /* TokensListViewModel.swift in Sources */ = {isa = PBXBuildFile; fileRef = 049BD35C2C74230900EAA729 /* TokensListViewModel.swift */; };
		049BD35F2C74264E00EAA729 /* TokensListUseCase.swift in Sources */ = {isa = PBXBuildFile; fileRef = 049BD35E2C74264E00EAA729 /* TokensListUseCase.swift */; };
		049BD3612C74266500EAA729 /* TokensListUseCaseProtocol.swift in Sources */ = {isa = PBXBuildFile; fileRef = 049BD3602C74266500EAA729 /* TokensListUseCaseProtocol.swift */; };
		049BD3632C74280000EAA729 /* TokenItem.swift in Sources */ = {isa = PBXBuildFile; fileRef = 049BD3622C74280000EAA729 /* TokenItem.swift */; };
		049BD3652C742E2C00EAA729 /* EmptyInput.swift in Sources */ = {isa = PBXBuildFile; fileRef = 049BD3642C742E2C00EAA729 /* EmptyInput.swift */; };
		049BD3672C7436D500EAA729 /* SortingOption.swift in Sources */ = {isa = PBXBuildFile; fileRef = 049BD3662C7436D500EAA729 /* SortingOption.swift */; };
		049BD3692C74402900EAA729 /* AppAppearanceConfigurator.swift in Sources */ = {isa = PBXBuildFile; fileRef = 049BD3682C74402900EAA729 /* AppAppearanceConfigurator.swift */; };
		049BD36F2C74438E00EAA729 /* AppFonts.swift in Sources */ = {isa = PBXBuildFile; fileRef = 049BD36E2C74438E00EAA729 /* AppFonts.swift */; };
		04FA39BF2C6D64D300F1A0CD /* SpotApp.swift in Sources */ = {isa = PBXBuildFile; fileRef = 04FA39BE2C6D64D300F1A0CD /* SpotApp.swift */; };
		04FA39C32C6D64D400F1A0CD /* Assets.xcassets in Resources */ = {isa = PBXBuildFile; fileRef = 04FA39C22C6D64D400F1A0CD /* Assets.xcassets */; };
		04FA39C72C6D64D400F1A0CD /* Preview Assets.xcassets in Resources */ = {isa = PBXBuildFile; fileRef = 04FA39C62C6D64D400F1A0CD /* Preview Assets.xcassets */; };
		04FA39EB2C6D6D4700F1A0CD /* AppContext.swift in Sources */ = {isa = PBXBuildFile; fileRef = 04FA39EA2C6D6D4700F1A0CD /* AppContext.swift */; };
		04FA3A062C6ECCEB00F1A0CD /* HTTPUrlResponse+Extension.swift in Sources */ = {isa = PBXBuildFile; fileRef = 04FA39FD2C6ECCEB00F1A0CD /* HTTPUrlResponse+Extension.swift */; };
		04FA3A092C6ECCEB00F1A0CD /* AppServiceEndpoint.swift in Sources */ = {isa = PBXBuildFile; fileRef = 04FA3A012C6ECCEB00F1A0CD /* AppServiceEndpoint.swift */; };
		04FA3A0B2C6ECCEB00F1A0CD /* NetworkError.swift in Sources */ = {isa = PBXBuildFile; fileRef = 04FA3A032C6ECCEB00F1A0CD /* NetworkError.swift */; };
		04FA3A0C2C6ECCEB00F1A0CD /* NetworkService.swift in Sources */ = {isa = PBXBuildFile; fileRef = 04FA3A042C6ECCEB00F1A0CD /* NetworkService.swift */; };
		04FA3A132C713EB500F1A0CD /* AlamofireNetworkClient.swift in Sources */ = {isa = PBXBuildFile; fileRef = 04FA3A122C713EB500F1A0CD /* AlamofireNetworkClient.swift */; };
		04FA3A212C71565800F1A0CD /* NetworkConnectionType.swift in Sources */ = {isa = PBXBuildFile; fileRef = 04FA3A1C2C71562400F1A0CD /* NetworkConnectionType.swift */; };
		04FA3A252C71577300F1A0CD /* NetworkServiceProtocol.swift in Sources */ = {isa = PBXBuildFile; fileRef = 04FA3A242C71577300F1A0CD /* NetworkServiceProtocol.swift */; };
		04FA3A2D2C715B6900F1A0CD /* DIContainerService.swift in Sources */ = {isa = PBXBuildFile; fileRef = 04FA3A2C2C715B6900F1A0CD /* DIContainerService.swift */; };
		04FA3A2F2C715BDF00F1A0CD /* DIContainerServiceProtocol.swift in Sources */ = {isa = PBXBuildFile; fileRef = 04FA3A2E2C715BDF00F1A0CD /* DIContainerServiceProtocol.swift */; };
		04FA3A3B2C715E6900F1A0CD /* InjectedDependency.swift in Sources */ = {isa = PBXBuildFile; fileRef = 04FA3A3A2C715E6900F1A0CD /* InjectedDependency.swift */; };
		04FA3A3E2C71604F00F1A0CD /* AppColors.swift in Sources */ = {isa = PBXBuildFile; fileRef = 04FA3A3D2C71604F00F1A0CD /* AppColors.swift */; };
		04FA3A402C7160C700F1A0CD /* AppTexts.swift in Sources */ = {isa = PBXBuildFile; fileRef = 04FA3A3F2C7160C700F1A0CD /* AppTexts.swift */; };
		04FA3A422C71620000F1A0CD /* AppImages.swift in Sources */ = {isa = PBXBuildFile; fileRef = 04FA3A412C71620000F1A0CD /* AppImages.swift */; };
		04FA3A4E2C71672600F1A0CD /* EnvironmentProvider.swift in Sources */ = {isa = PBXBuildFile; fileRef = 04FA3A4D2C71672600F1A0CD /* EnvironmentProvider.swift */; };
		04FA3A572C71775800F1A0CD /* AppConfigs.swift in Sources */ = {isa = PBXBuildFile; fileRef = 04FA3A562C71775800F1A0CD /* AppConfigs.swift */; };
		04FA3A602C7255FB00F1A0CD /* HTTPMethod.swift in Sources */ = {isa = PBXBuildFile; fileRef = 04FA3A5F2C7255FB00F1A0CD /* HTTPMethod.swift */; };
		04FA3A622C72568E00F1A0CD /* ParameterEncoding.swift in Sources */ = {isa = PBXBuildFile; fileRef = 04FA3A612C72568E00F1A0CD /* ParameterEncoding.swift */; };
		04FA3A662C7270EA00F1A0CD /* BaseUrl.swift in Sources */ = {isa = PBXBuildFile; fileRef = 04FA3A652C7270EA00F1A0CD /* BaseUrl.swift */; };
		04FA3A682C72743100F1A0CD /* String+Extension.swift in Sources */ = {isa = PBXBuildFile; fileRef = 04FA3A672C72743100F1A0CD /* String+Extension.swift */; };
		04FA3A6A2C72751C00F1A0CD /* NetworkRequestConfiguration.swift in Sources */ = {isa = PBXBuildFile; fileRef = 04FA3A692C72751C00F1A0CD /* NetworkRequestConfiguration.swift */; };
		04FA3A6C2C72758500F1A0CD /* HeadersConfiguration.swift in Sources */ = {isa = PBXBuildFile; fileRef = 04FA3A6B2C72758500F1A0CD /* HeadersConfiguration.swift */; };
		04FA3A772C72A7F100F1A0CD /* NetworkClientManagerProtocol.swift in Sources */ = {isa = PBXBuildFile; fileRef = 04FA3A0D2C713BD000F1A0CD /* NetworkClientManagerProtocol.swift */; };
		04FA3A852C72BCE200F1A0CD /* TokensListView.swift in Sources */ = {isa = PBXBuildFile; fileRef = 04FA3A842C72BCE200F1A0CD /* TokensListView.swift */; };
		04FA3A932C72C67200F1A0CD /* AppRootViews.swift in Sources */ = {isa = PBXBuildFile; fileRef = 04FA3A922C72C67200F1A0CD /* AppRootViews.swift */; };
		04FA3A952C73768700F1A0CD /* AppRootView.swift in Sources */ = {isa = PBXBuildFile; fileRef = 04FA3A942C73768700F1A0CD /* AppRootView.swift */; };
/* End PBXBuildFile section */

/* Begin PBXFileReference section */
		0468ECE02CD58A3F00F292E5 /* TokenRow.swift */ = {isa = PBXFileReference; lastKnownFileType = sourcecode.swift; path = TokenRow.swift; sourceTree = "<group>"; };
		0468ECEC2CD58F0200F292E5 /* Avenir-Black.otf */ = {isa = PBXFileReference; lastKnownFileType = file; path = "Avenir-Black.otf"; sourceTree = "<group>"; };
		0468ECEE2CD58F0900F292E5 /* Avenir-Medium.otf */ = {isa = PBXFileReference; lastKnownFileType = file; path = "Avenir-Medium.otf"; sourceTree = "<group>"; };
		0468ECF02CD58F1900F292E5 /* Avenir-Heavy.otf */ = {isa = PBXFileReference; lastKnownFileType = file; path = "Avenir-Heavy.otf"; sourceTree = "<group>"; };
		049BD35A2C7421E100EAA729 /* TokenDetails.swift */ = {isa = PBXFileReference; lastKnownFileType = sourcecode.swift; path = TokenDetails.swift; sourceTree = "<group>"; };
		049BD35C2C74230900EAA729 /* TokensListViewModel.swift */ = {isa = PBXFileReference; lastKnownFileType = sourcecode.swift; path = TokensListViewModel.swift; sourceTree = "<group>"; };
		049BD35E2C74264E00EAA729 /* TokensListUseCase.swift */ = {isa = PBXFileReference; lastKnownFileType = sourcecode.swift; path = TokensListUseCase.swift; sourceTree = "<group>"; };
		049BD3602C74266500EAA729 /* TokensListUseCaseProtocol.swift */ = {isa = PBXFileReference; lastKnownFileType = sourcecode.swift; path = TokensListUseCaseProtocol.swift; sourceTree = "<group>"; };
		049BD3622C74280000EAA729 /* TokenItem.swift */ = {isa = PBXFileReference; lastKnownFileType = sourcecode.swift; path = TokenItem.swift; sourceTree = "<group>"; };
		049BD3642C742E2C00EAA729 /* EmptyInput.swift */ = {isa = PBXFileReference; lastKnownFileType = sourcecode.swift; path = EmptyInput.swift; sourceTree = "<group>"; };
		049BD3662C7436D500EAA729 /* SortingOption.swift */ = {isa = PBXFileReference; lastKnownFileType = sourcecode.swift; path = SortingOption.swift; sourceTree = "<group>"; };
		049BD3682C74402900EAA729 /* AppAppearanceConfigurator.swift */ = {isa = PBXFileReference; lastKnownFileType = sourcecode.swift; path = AppAppearanceConfigurator.swift; sourceTree = "<group>"; };
		049BD36D2C74436900EAA729 /* Info.plist */ = {isa = PBXFileReference; lastKnownFileType = text.plist; path = Info.plist; sourceTree = "<group>"; };
		049BD36E2C74438E00EAA729 /* AppFonts.swift */ = {isa = PBXFileReference; lastKnownFileType = sourcecode.swift; path = AppFonts.swift; sourceTree = "<group>"; };
		04FA39BB2C6D64D300F1A0CD /* Spot.app */ = {isa = PBXFileReference; explicitFileType = wrapper.application; includeInIndex = 0; path = Spot.app; sourceTree = BUILT_PRODUCTS_DIR; };
		04FA39BE2C6D64D300F1A0CD /* SpotApp.swift */ = {isa = PBXFileReference; lastKnownFileType = sourcecode.swift; path = SpotApp.swift; sourceTree = "<group>"; };
		04FA39C22C6D64D400F1A0CD /* Assets.xcassets */ = {isa = PBXFileReference; lastKnownFileType = folder.assetcatalog; path = Assets.xcassets; sourceTree = "<group>"; };
		04FA39C42C6D64D400F1A0CD /* Spot.entitlements */ = {isa = PBXFileReference; lastKnownFileType = text.plist.entitlements; path = Spot.entitlements; sourceTree = "<group>"; };
		04FA39C62C6D64D400F1A0CD /* Preview Assets.xcassets */ = {isa = PBXFileReference; lastKnownFileType = folder.assetcatalog; path = "Preview Assets.xcassets"; sourceTree = "<group>"; };
		04FA39EA2C6D6D4700F1A0CD /* AppContext.swift */ = {isa = PBXFileReference; lastKnownFileType = sourcecode.swift; path = AppContext.swift; sourceTree = "<group>"; };
		04FA39FD2C6ECCEB00F1A0CD /* HTTPUrlResponse+Extension.swift */ = {isa = PBXFileReference; fileEncoding = 4; lastKnownFileType = sourcecode.swift; path = "HTTPUrlResponse+Extension.swift"; sourceTree = "<group>"; };
		04FA3A012C6ECCEB00F1A0CD /* AppServiceEndpoint.swift */ = {isa = PBXFileReference; fileEncoding = 4; lastKnownFileType = sourcecode.swift; path = AppServiceEndpoint.swift; sourceTree = "<group>"; };
		04FA3A032C6ECCEB00F1A0CD /* NetworkError.swift */ = {isa = PBXFileReference; fileEncoding = 4; lastKnownFileType = sourcecode.swift; path = NetworkError.swift; sourceTree = "<group>"; };
		04FA3A042C6ECCEB00F1A0CD /* NetworkService.swift */ = {isa = PBXFileReference; fileEncoding = 4; lastKnownFileType = sourcecode.swift; path = NetworkService.swift; sourceTree = "<group>"; };
		04FA3A0D2C713BD000F1A0CD /* NetworkClientManagerProtocol.swift */ = {isa = PBXFileReference; lastKnownFileType = sourcecode.swift; path = NetworkClientManagerProtocol.swift; sourceTree = "<group>"; };
		04FA3A122C713EB500F1A0CD /* AlamofireNetworkClient.swift */ = {isa = PBXFileReference; lastKnownFileType = sourcecode.swift; path = AlamofireNetworkClient.swift; sourceTree = "<group>"; };
		04FA3A1C2C71562400F1A0CD /* NetworkConnectionType.swift */ = {isa = PBXFileReference; lastKnownFileType = sourcecode.swift; path = NetworkConnectionType.swift; sourceTree = "<group>"; };
		04FA3A242C71577300F1A0CD /* NetworkServiceProtocol.swift */ = {isa = PBXFileReference; lastKnownFileType = sourcecode.swift; path = NetworkServiceProtocol.swift; sourceTree = "<group>"; };
		04FA3A2C2C715B6900F1A0CD /* DIContainerService.swift */ = {isa = PBXFileReference; lastKnownFileType = sourcecode.swift; path = DIContainerService.swift; sourceTree = "<group>"; };
		04FA3A2E2C715BDF00F1A0CD /* DIContainerServiceProtocol.swift */ = {isa = PBXFileReference; lastKnownFileType = sourcecode.swift; path = DIContainerServiceProtocol.swift; sourceTree = "<group>"; };
		04FA3A3A2C715E6900F1A0CD /* InjectedDependency.swift */ = {isa = PBXFileReference; lastKnownFileType = sourcecode.swift; path = InjectedDependency.swift; sourceTree = "<group>"; };
		04FA3A3D2C71604F00F1A0CD /* AppColors.swift */ = {isa = PBXFileReference; lastKnownFileType = sourcecode.swift; path = AppColors.swift; sourceTree = "<group>"; };
		04FA3A3F2C7160C700F1A0CD /* AppTexts.swift */ = {isa = PBXFileReference; lastKnownFileType = sourcecode.swift; path = AppTexts.swift; sourceTree = "<group>"; };
		04FA3A412C71620000F1A0CD /* AppImages.swift */ = {isa = PBXFileReference; lastKnownFileType = sourcecode.swift; path = AppImages.swift; sourceTree = "<group>"; };
		04FA3A4D2C71672600F1A0CD /* EnvironmentProvider.swift */ = {isa = PBXFileReference; lastKnownFileType = sourcecode.swift; path = EnvironmentProvider.swift; sourceTree = "<group>"; };
		04FA3A562C71775800F1A0CD /* AppConfigs.swift */ = {isa = PBXFileReference; lastKnownFileType = sourcecode.swift; path = AppConfigs.swift; sourceTree = "<group>"; };
		04FA3A5F2C7255FB00F1A0CD /* HTTPMethod.swift */ = {isa = PBXFileReference; lastKnownFileType = sourcecode.swift; path = HTTPMethod.swift; sourceTree = "<group>"; };
		04FA3A612C72568E00F1A0CD /* ParameterEncoding.swift */ = {isa = PBXFileReference; lastKnownFileType = sourcecode.swift; path = ParameterEncoding.swift; sourceTree = "<group>"; };
		04FA3A652C7270EA00F1A0CD /* BaseUrl.swift */ = {isa = PBXFileReference; lastKnownFileType = sourcecode.swift; path = BaseUrl.swift; sourceTree = "<group>"; };
		04FA3A672C72743100F1A0CD /* String+Extension.swift */ = {isa = PBXFileReference; lastKnownFileType = sourcecode.swift; path = "String+Extension.swift"; sourceTree = "<group>"; };
		04FA3A692C72751C00F1A0CD /* NetworkRequestConfiguration.swift */ = {isa = PBXFileReference; lastKnownFileType = sourcecode.swift; path = NetworkRequestConfiguration.swift; sourceTree = "<group>"; };
		04FA3A6B2C72758500F1A0CD /* HeadersConfiguration.swift */ = {isa = PBXFileReference; lastKnownFileType = sourcecode.swift; path = HeadersConfiguration.swift; sourceTree = "<group>"; };
		04FA3A842C72BCE200F1A0CD /* TokensListView.swift */ = {isa = PBXFileReference; lastKnownFileType = sourcecode.swift; path = TokensListView.swift; sourceTree = "<group>"; };
		04FA3A922C72C67200F1A0CD /* AppRootViews.swift */ = {isa = PBXFileReference; lastKnownFileType = sourcecode.swift; path = AppRootViews.swift; sourceTree = "<group>"; };
		04FA3A942C73768700F1A0CD /* AppRootView.swift */ = {isa = PBXFileReference; lastKnownFileType = sourcecode.swift; path = AppRootView.swift; sourceTree = "<group>"; };
/* End PBXFileReference section */

/* Begin PBXFrameworksBuildPhase section */
		04FA39B82C6D64D300F1A0CD /* Frameworks */ = {
			isa = PBXFrameworksBuildPhase;
			buildActionMask = 2147483647;
			files = (
				0468ECDC2CD556EC00F292E5 /* Kingfisher in Frameworks */,
				0468ECDF2CD5572300F292E5 /* Alamofire in Frameworks */,
			);
			runOnlyForDeploymentPostprocessing = 0;
		};
/* End PBXFrameworksBuildPhase section */

/* Begin PBXGroup section */
		049BD3592C7421CC00EAA729 /* ViewModels */ = {
			isa = PBXGroup;
			children = (
				049BD35C2C74230900EAA729 /* TokensListViewModel.swift */,
			);
			path = ViewModels;
			sourceTree = "<group>";
		};
		049BD36A2C7442EF00EAA729 /* Fonts */ = {
			isa = PBXGroup;
			children = (
				0468ECEC2CD58F0200F292E5 /* Avenir-Black.otf */,
				0468ECF02CD58F1900F292E5 /* Avenir-Heavy.otf */,
				0468ECEE2CD58F0900F292E5 /* Avenir-Medium.otf */,
			);
			path = Fonts;
			sourceTree = "<group>";
		};
		04FA39B22C6D64D300F1A0CD = {
			isa = PBXGroup;
			children = (
				04FA39BD2C6D64D300F1A0CD /* Spot */,
				04FA39BC2C6D64D300F1A0CD /* Products */,
			);
			sourceTree = "<group>";
		};
		04FA39BC2C6D64D300F1A0CD /* Products */ = {
			isa = PBXGroup;
			children = (
				04FA39BB2C6D64D300F1A0CD /* Spot.app */,
			);
			name = Products;
			sourceTree = "<group>";
		};
		04FA39BD2C6D64D300F1A0CD /* Spot */ = {
			isa = PBXGroup;
			children = (
				049BD36D2C74436900EAA729 /* Info.plist */,
				04FA39C42C6D64D400F1A0CD /* Spot.entitlements */,
				04FA39E92C6D6D3100F1A0CD /* Application */,
				04FA39EC2C6D6D6E00F1A0CD /* Core */,
				04FA39ED2C6D6D7D00F1A0CD /* Domain */,
				04FA39EE2C6D6D8500F1A0CD /* Presentation */,
			);
			path = Spot;
			sourceTree = "<group>";
		};
		04FA39C52C6D64D400F1A0CD /* Preview Content */ = {
			isa = PBXGroup;
			children = (
				04FA39C62C6D64D400F1A0CD /* Preview Assets.xcassets */,
			);
			path = "Preview Content";
			sourceTree = "<group>";
		};
		04FA39E92C6D6D3100F1A0CD /* Application */ = {
			isa = PBXGroup;
			children = (
				04FA39BE2C6D64D300F1A0CD /* SpotApp.swift */,
				04FA3A942C73768700F1A0CD /* AppRootView.swift */,
				04FA39EA2C6D6D4700F1A0CD /* AppContext.swift */,
			);
			path = Application;
			sourceTree = "<group>";
		};
		04FA39EC2C6D6D6E00F1A0CD /* Core */ = {
			isa = PBXGroup;
			children = (
				04FA3A4A2C71654400F1A0CD /* Configurations */,
				04FA3A3C2C71604300F1A0CD /* Resources */,
				04FA3A392C715E4700F1A0CD /* PropertyWrappers */,
				04FA3A462C71634C00F1A0CD /* DependencyInjection */,
				04FA3A052C6ECCEB00F1A0CD /* Networking */,
			);
			path = Core;
			sourceTree = "<group>";
		};
		04FA39ED2C6D6D7D00F1A0CD /* Domain */ = {
			isa = PBXGroup;
			children = (
				04FA39F42C6D6E0700F1A0CD /* Entities */,
				04FA39FB2C6EC81000F1A0CD /* Interfaces */,
				04FA39FC2C6EC81800F1A0CD /* UseCases */,
			);
			path = Domain;
			sourceTree = "<group>";
		};
		04FA39EE2C6D6D8500F1A0CD /* Presentation */ = {
			isa = PBXGroup;
			children = (
				04FA3A812C72BC7900F1A0CD /* TokensListView */,
			);
			path = Presentation;
			sourceTree = "<group>";
		};
		04FA39F42C6D6E0700F1A0CD /* Entities */ = {
			isa = PBXGroup;
			children = (
				049BD3622C74280000EAA729 /* TokenItem.swift */,
			);
			path = Entities;
			sourceTree = "<group>";
		};
		04FA39FB2C6EC81000F1A0CD /* Interfaces */ = {
			isa = PBXGroup;
			children = (
				049BD3602C74266500EAA729 /* TokensListUseCaseProtocol.swift */,
			);
			path = Interfaces;
			sourceTree = "<group>";
		};
		04FA39FC2C6EC81800F1A0CD /* UseCases */ = {
			isa = PBXGroup;
			children = (
				049BD35E2C74264E00EAA729 /* TokensListUseCase.swift */,
			);
			path = UseCases;
			sourceTree = "<group>";
		};
		04FA3A052C6ECCEB00F1A0CD /* Networking */ = {
			isa = PBXGroup;
			children = (
				04FA3A452C7162E400F1A0CD /* Entities */,
				04FA3A432C7162D200F1A0CD /* Interfaces */,
				04FA3A442C7162DB00F1A0CD /* Serivces */,
				04FA3A492C71642700F1A0CD /* Extensions */,
			);
			path = Networking;
			sourceTree = "<group>";
		};
		04FA3A272C715AFD00F1A0CD /* NetworkClients */ = {
			isa = PBXGroup;
			children = (
				04FA3A122C713EB500F1A0CD /* AlamofireNetworkClient.swift */,
			);
			path = NetworkClients;
			sourceTree = "<group>";
		};
		04FA3A382C715E0300F1A0CD /* Errors */ = {
			isa = PBXGroup;
			children = (
				04FA3A032C6ECCEB00F1A0CD /* NetworkError.swift */,
			);
			path = Errors;
			sourceTree = "<group>";
		};
		04FA3A392C715E4700F1A0CD /* PropertyWrappers */ = {
			isa = PBXGroup;
			children = (
				04FA3A3A2C715E6900F1A0CD /* InjectedDependency.swift */,
			);
			path = PropertyWrappers;
			sourceTree = "<group>";
		};
		04FA3A3C2C71604300F1A0CD /* Resources */ = {
			isa = PBXGroup;
			children = (
				04FA3A3D2C71604F00F1A0CD /* AppColors.swift */,
				049BD36E2C74438E00EAA729 /* AppFonts.swift */,
				04FA3A412C71620000F1A0CD /* AppImages.swift */,
				04FA3A3F2C7160C700F1A0CD /* AppTexts.swift */,
				04FA39C22C6D64D400F1A0CD /* Assets.xcassets */,
				049BD36A2C7442EF00EAA729 /* Fonts */,
				04FA39C52C6D64D400F1A0CD /* Preview Content */,
			);
			path = Resources;
			sourceTree = "<group>";
		};
		04FA3A432C7162D200F1A0CD /* Interfaces */ = {
			isa = PBXGroup;
			children = (
				04FA3A242C71577300F1A0CD /* NetworkServiceProtocol.swift */,
				04FA3A0D2C713BD000F1A0CD /* NetworkClientManagerProtocol.swift */,
			);
			path = Interfaces;
			sourceTree = "<group>";
		};
		04FA3A442C7162DB00F1A0CD /* Serivces */ = {
			isa = PBXGroup;
			children = (
				04FA3A042C6ECCEB00F1A0CD /* NetworkService.swift */,
				04FA3A272C715AFD00F1A0CD /* NetworkClients */,
			);
			path = Serivces;
			sourceTree = "<group>";
		};
		04FA3A452C7162E400F1A0CD /* Entities */ = {
			isa = PBXGroup;
			children = (
				04FA3A652C7270EA00F1A0CD /* BaseUrl.swift */,
				049BD3642C742E2C00EAA729 /* EmptyInput.swift */,
				04FA3A692C72751C00F1A0CD /* NetworkRequestConfiguration.swift */,
				04FA3A6B2C72758500F1A0CD /* HeadersConfiguration.swift */,
				04FA3A5F2C7255FB00F1A0CD /* HTTPMethod.swift */,
				04FA3A612C72568E00F1A0CD /* ParameterEncoding.swift */,
				04FA3A1C2C71562400F1A0CD /* NetworkConnectionType.swift */,
				04FA3A382C715E0300F1A0CD /* Errors */,
			);
			path = Entities;
			sourceTree = "<group>";
		};
		04FA3A462C71634C00F1A0CD /* DependencyInjection */ = {
			isa = PBXGroup;
			children = (
				04FA3A472C71635500F1A0CD /* Interfaces */,
				04FA3A482C71635F00F1A0CD /* Serivces */,
			);
			path = DependencyInjection;
			sourceTree = "<group>";
		};
		04FA3A472C71635500F1A0CD /* Interfaces */ = {
			isa = PBXGroup;
			children = (
				04FA3A2E2C715BDF00F1A0CD /* DIContainerServiceProtocol.swift */,
			);
			path = Interfaces;
			sourceTree = "<group>";
		};
		04FA3A482C71635F00F1A0CD /* Serivces */ = {
			isa = PBXGroup;
			children = (
				04FA3A2C2C715B6900F1A0CD /* DIContainerService.swift */,
			);
			path = Serivces;
			sourceTree = "<group>";
		};
		04FA3A492C71642700F1A0CD /* Extensions */ = {
			isa = PBXGroup;
			children = (
				04FA39FD2C6ECCEB00F1A0CD /* HTTPUrlResponse+Extension.swift */,
				04FA3A672C72743100F1A0CD /* String+Extension.swift */,
			);
			path = Extensions;
			sourceTree = "<group>";
		};
		04FA3A4A2C71654400F1A0CD /* Configurations */ = {
			isa = PBXGroup;
			children = (
				04FA3A562C71775800F1A0CD /* AppConfigs.swift */,
				04FA3A922C72C67200F1A0CD /* AppRootViews.swift */,
				04FA3A012C6ECCEB00F1A0CD /* AppServiceEndpoint.swift */,
				04FA3A4D2C71672600F1A0CD /* EnvironmentProvider.swift */,
				049BD3682C74402900EAA729 /* AppAppearanceConfigurator.swift */,
			);
			path = Configurations;
			sourceTree = "<group>";
		};
		04FA3A812C72BC7900F1A0CD /* TokensListView */ = {
			isa = PBXGroup;
			children = (
				04FA3A822C72BC9D00F1A0CD /* Entities */,
				04FA3A832C72BCA300F1A0CD /* Views */,
				049BD3592C7421CC00EAA729 /* ViewModels */,
			);
			path = TokensListView;
			sourceTree = "<group>";
		};
		04FA3A822C72BC9D00F1A0CD /* Entities */ = {
			isa = PBXGroup;
			children = (
				049BD35A2C7421E100EAA729 /* TokenDetails.swift */,
				049BD3662C7436D500EAA729 /* SortingOption.swift */,
			);
			path = Entities;
			sourceTree = "<group>";
		};
		04FA3A832C72BCA300F1A0CD /* Views */ = {
			isa = PBXGroup;
			children = (
				0468ECE02CD58A3F00F292E5 /* TokenRow.swift */,
				04FA3A842C72BCE200F1A0CD /* TokensListView.swift */,
			);
			path = Views;
			sourceTree = "<group>";
		};
/* End PBXGroup section */

/* Begin PBXNativeTarget section */
		04FA39BA2C6D64D300F1A0CD /* Spot */ = {
			isa = PBXNativeTarget;
			buildConfigurationList = 04FA39E02C6D64D400F1A0CD /* Build configuration list for PBXNativeTarget "Spot" */;
			buildPhases = (
				04FA39B72C6D64D300F1A0CD /* Sources */,
				04FA39B82C6D64D300F1A0CD /* Frameworks */,
				04FA39B92C6D64D300F1A0CD /* Resources */,
			);
			buildRules = (
			);
			dependencies = (
			);
			name = Spot;
			packageProductDependencies = (
				0468ECDB2CD556EC00F292E5 /* Kingfisher */,
				0468ECDE2CD5572300F292E5 /* Alamofire */,
			);
			productName = Testio;
			productReference = 04FA39BB2C6D64D300F1A0CD /* Spot.app */;
			productType = "com.apple.product-type.application";
		};
/* End PBXNativeTarget section */

/* Begin PBXProject section */
		04FA39B32C6D64D300F1A0CD /* Project object */ = {
			isa = PBXProject;
			attributes = {
				BuildIndependentTargetsInParallel = 1;
				LastSwiftUpdateCheck = 1610;
				LastUpgradeCheck = 1610;
				TargetAttributes = {
					04FA39BA2C6D64D300F1A0CD = {
						CreatedOnToolsVersion = 15.4;
					};
				};
			};
			buildConfigurationList = 04FA39B62C6D64D300F1A0CD /* Build configuration list for PBXProject "Spot" */;
			compatibilityVersion = "Xcode 14.0";
			developmentRegion = en;
			hasScannedForEncodings = 0;
			knownRegions = (
				en,
				Base,
			);
			mainGroup = 04FA39B22C6D64D300F1A0CD;
			packageReferences = (
				0468ECDA2CD556EC00F292E5 /* XCRemoteSwiftPackageReference "Kingfisher" */,
				0468ECDD2CD5572300F292E5 /* XCRemoteSwiftPackageReference "Alamofire" */,
			);
			productRefGroup = 04FA39BC2C6D64D300F1A0CD /* Products */;
			projectDirPath = "";
			projectRoot = "";
			targets = (
				04FA39BA2C6D64D300F1A0CD /* Spot */,
			);
		};
/* End PBXProject section */

/* Begin PBXResourcesBuildPhase section */
		04FA39B92C6D64D300F1A0CD /* Resources */ = {
			isa = PBXResourcesBuildPhase;
			buildActionMask = 2147483647;
			files = (
				0468ECF12CD58F1900F292E5 /* Avenir-Heavy.otf in Resources */,
				04FA39C72C6D64D400F1A0CD /* Preview Assets.xcassets in Resources */,
				0468ECED2CD58F0200F292E5 /* Avenir-Black.otf in Resources */,
				04FA39C32C6D64D400F1A0CD /* Assets.xcassets in Resources */,
				0468ECEF2CD58F0900F292E5 /* Avenir-Medium.otf in Resources */,
			);
			runOnlyForDeploymentPostprocessing = 0;
		};
/* End PBXResourcesBuildPhase section */

/* Begin PBXSourcesBuildPhase section */
		04FA39B72C6D64D300F1A0CD /* Sources */ = {
			isa = PBXSourcesBuildPhase;
			buildActionMask = 2147483647;
			files = (
				049BD3652C742E2C00EAA729 /* EmptyInput.swift in Sources */,
				04FA3A2D2C715B6900F1A0CD /* DIContainerService.swift in Sources */,
				04FA3A132C713EB500F1A0CD /* AlamofireNetworkClient.swift in Sources */,
				04FA3A6C2C72758500F1A0CD /* HeadersConfiguration.swift in Sources */,
				04FA3A852C72BCE200F1A0CD /* TokensListView.swift in Sources */,
				04FA3A092C6ECCEB00F1A0CD /* AppServiceEndpoint.swift in Sources */,
				04FA3A932C72C67200F1A0CD /* AppRootViews.swift in Sources */,
				049BD35F2C74264E00EAA729 /* TokensListUseCase.swift in Sources */,
				049BD3632C74280000EAA729 /* TokenItem.swift in Sources */,
				04FA39EB2C6D6D4700F1A0CD /* AppContext.swift in Sources */,
				049BD3672C7436D500EAA729 /* SortingOption.swift in Sources */,
				04FA3A572C71775800F1A0CD /* AppConfigs.swift in Sources */,
				04FA3A6A2C72751C00F1A0CD /* NetworkRequestConfiguration.swift in Sources */,
				04FA3A252C71577300F1A0CD /* NetworkServiceProtocol.swift in Sources */,
				04FA3A062C6ECCEB00F1A0CD /* HTTPUrlResponse+Extension.swift in Sources */,
				04FA3A602C7255FB00F1A0CD /* HTTPMethod.swift in Sources */,
				04FA39BF2C6D64D300F1A0CD /* SpotApp.swift in Sources */,
				04FA3A0B2C6ECCEB00F1A0CD /* NetworkError.swift in Sources */,
				04FA3A3E2C71604F00F1A0CD /* AppColors.swift in Sources */,
				04FA3A402C7160C700F1A0CD /* AppTexts.swift in Sources */,
				04FA3A422C71620000F1A0CD /* AppImages.swift in Sources */,
				04FA3A682C72743100F1A0CD /* String+Extension.swift in Sources */,
				04FA3A4E2C71672600F1A0CD /* EnvironmentProvider.swift in Sources */,
				049BD35B2C7421E100EAA729 /* TokenDetails.swift in Sources */,
				04FA3A622C72568E00F1A0CD /* ParameterEncoding.swift in Sources */,
				04FA3A2F2C715BDF00F1A0CD /* DIContainerServiceProtocol.swift in Sources */,
				049BD36F2C74438E00EAA729 /* AppFonts.swift in Sources */,
				04FA3A662C7270EA00F1A0CD /* BaseUrl.swift in Sources */,
				0468ECE12CD58A3F00F292E5 /* TokenRow.swift in Sources */,
				049BD35D2C74230900EAA729 /* TokensListViewModel.swift in Sources */,
				04FA3A3B2C715E6900F1A0CD /* InjectedDependency.swift in Sources */,
				049BD3692C74402900EAA729 /* AppAppearanceConfigurator.swift in Sources */,
				04FA3A0C2C6ECCEB00F1A0CD /* NetworkService.swift in Sources */,
				04FA3A952C73768700F1A0CD /* AppRootView.swift in Sources */,
				04FA3A212C71565800F1A0CD /* NetworkConnectionType.swift in Sources */,
				04FA3A772C72A7F100F1A0CD /* NetworkClientManagerProtocol.swift in Sources */,
				049BD3612C74266500EAA729 /* TokensListUseCaseProtocol.swift in Sources */,
			);
			runOnlyForDeploymentPostprocessing = 0;
		};
/* End PBXSourcesBuildPhase section */

/* Begin XCBuildConfiguration section */
		04FA39DE2C6D64D400F1A0CD /* Debug */ = {
			isa = XCBuildConfiguration;
			buildSettings = {
				ALWAYS_SEARCH_USER_PATHS = NO;
				ASSETCATALOG_COMPILER_GENERATE_SWIFT_ASSET_SYMBOL_EXTENSIONS = YES;
				CLANG_ANALYZER_NONNULL = YES;
				CLANG_ANALYZER_NUMBER_OBJECT_CONVERSION = YES_AGGRESSIVE;
				CLANG_CXX_LANGUAGE_STANDARD = "gnu++20";
				CLANG_ENABLE_MODULES = YES;
				CLANG_ENABLE_OBJC_ARC = YES;
				CLANG_ENABLE_OBJC_WEAK = YES;
				CLANG_WARN_BLOCK_CAPTURE_AUTORELEASING = YES;
				CLANG_WARN_BOOL_CONVERSION = YES;
				CLANG_WARN_COMMA = YES;
				CLANG_WARN_CONSTANT_CONVERSION = YES;
				CLANG_WARN_DEPRECATED_OBJC_IMPLEMENTATIONS = YES;
				CLANG_WARN_DIRECT_OBJC_ISA_USAGE = YES_ERROR;
				CLANG_WARN_DOCUMENTATION_COMMENTS = YES;
				CLANG_WARN_EMPTY_BODY = YES;
				CLANG_WARN_ENUM_CONVERSION = YES;
				CLANG_WARN_INFINITE_RECURSION = YES;
				CLANG_WARN_INT_CONVERSION = YES;
				CLANG_WARN_NON_LITERAL_NULL_CONVERSION = YES;
				CLANG_WARN_OBJC_IMPLICIT_RETAIN_SELF = YES;
				CLANG_WARN_OBJC_LITERAL_CONVERSION = YES;
				CLANG_WARN_OBJC_ROOT_CLASS = YES_ERROR;
				CLANG_WARN_QUOTED_INCLUDE_IN_FRAMEWORK_HEADER = YES;
				CLANG_WARN_RANGE_LOOP_ANALYSIS = YES;
				CLANG_WARN_STRICT_PROTOTYPES = YES;
				CLANG_WARN_SUSPICIOUS_MOVE = YES;
				CLANG_WARN_UNGUARDED_AVAILABILITY = YES_AGGRESSIVE;
				CLANG_WARN_UNREACHABLE_CODE = YES;
				CLANG_WARN__DUPLICATE_METHOD_MATCH = YES;
				COPY_PHASE_STRIP = NO;
				DEAD_CODE_STRIPPING = YES;
				DEBUG_INFORMATION_FORMAT = dwarf;
				ENABLE_STRICT_OBJC_MSGSEND = YES;
				ENABLE_TESTABILITY = YES;
				ENABLE_USER_SCRIPT_SANDBOXING = YES;
				GCC_C_LANGUAGE_STANDARD = gnu17;
				GCC_DYNAMIC_NO_PIC = NO;
				GCC_NO_COMMON_BLOCKS = YES;
				GCC_OPTIMIZATION_LEVEL = 0;
				GCC_PREPROCESSOR_DEFINITIONS = (
					"DEBUG=1",
					"$(inherited)",
				);
				GCC_WARN_64_TO_32_BIT_CONVERSION = YES;
				GCC_WARN_ABOUT_RETURN_TYPE = YES_ERROR;
				GCC_WARN_UNDECLARED_SELECTOR = YES;
				GCC_WARN_UNINITIALIZED_AUTOS = YES_AGGRESSIVE;
				GCC_WARN_UNUSED_FUNCTION = YES;
				GCC_WARN_UNUSED_VARIABLE = YES;
				LOCALIZATION_PREFERS_STRING_CATALOGS = YES;
				MTL_ENABLE_DEBUG_INFO = INCLUDE_SOURCE;
				MTL_FAST_MATH = YES;
				ONLY_ACTIVE_ARCH = YES;
				SWIFT_ACTIVE_COMPILATION_CONDITIONS = "DEBUG $(inherited)";
				SWIFT_OPTIMIZATION_LEVEL = "-Onone";
			};
			name = Debug;
		};
		04FA39DF2C6D64D400F1A0CD /* Release */ = {
			isa = XCBuildConfiguration;
			buildSettings = {
				ALWAYS_SEARCH_USER_PATHS = NO;
				ASSETCATALOG_COMPILER_GENERATE_SWIFT_ASSET_SYMBOL_EXTENSIONS = YES;
				CLANG_ANALYZER_NONNULL = YES;
				CLANG_ANALYZER_NUMBER_OBJECT_CONVERSION = YES_AGGRESSIVE;
				CLANG_CXX_LANGUAGE_STANDARD = "gnu++20";
				CLANG_ENABLE_MODULES = YES;
				CLANG_ENABLE_OBJC_ARC = YES;
				CLANG_ENABLE_OBJC_WEAK = YES;
				CLANG_WARN_BLOCK_CAPTURE_AUTORELEASING = YES;
				CLANG_WARN_BOOL_CONVERSION = YES;
				CLANG_WARN_COMMA = YES;
				CLANG_WARN_CONSTANT_CONVERSION = YES;
				CLANG_WARN_DEPRECATED_OBJC_IMPLEMENTATIONS = YES;
				CLANG_WARN_DIRECT_OBJC_ISA_USAGE = YES_ERROR;
				CLANG_WARN_DOCUMENTATION_COMMENTS = YES;
				CLANG_WARN_EMPTY_BODY = YES;
				CLANG_WARN_ENUM_CONVERSION = YES;
				CLANG_WARN_INFINITE_RECURSION = YES;
				CLANG_WARN_INT_CONVERSION = YES;
				CLANG_WARN_NON_LITERAL_NULL_CONVERSION = YES;
				CLANG_WARN_OBJC_IMPLICIT_RETAIN_SELF = YES;
				CLANG_WARN_OBJC_LITERAL_CONVERSION = YES;
				CLANG_WARN_OBJC_ROOT_CLASS = YES_ERROR;
				CLANG_WARN_QUOTED_INCLUDE_IN_FRAMEWORK_HEADER = YES;
				CLANG_WARN_RANGE_LOOP_ANALYSIS = YES;
				CLANG_WARN_STRICT_PROTOTYPES = YES;
				CLANG_WARN_SUSPICIOUS_MOVE = YES;
				CLANG_WARN_UNGUARDED_AVAILABILITY = YES_AGGRESSIVE;
				CLANG_WARN_UNREACHABLE_CODE = YES;
				CLANG_WARN__DUPLICATE_METHOD_MATCH = YES;
				COPY_PHASE_STRIP = NO;
				DEAD_CODE_STRIPPING = YES;
				DEBUG_INFORMATION_FORMAT = "dwarf-with-dsym";
				ENABLE_NS_ASSERTIONS = NO;
				ENABLE_STRICT_OBJC_MSGSEND = YES;
				ENABLE_USER_SCRIPT_SANDBOXING = YES;
				GCC_C_LANGUAGE_STANDARD = gnu17;
				GCC_NO_COMMON_BLOCKS = YES;
				GCC_WARN_64_TO_32_BIT_CONVERSION = YES;
				GCC_WARN_ABOUT_RETURN_TYPE = YES_ERROR;
				GCC_WARN_UNDECLARED_SELECTOR = YES;
				GCC_WARN_UNINITIALIZED_AUTOS = YES_AGGRESSIVE;
				GCC_WARN_UNUSED_FUNCTION = YES;
				GCC_WARN_UNUSED_VARIABLE = YES;
				LOCALIZATION_PREFERS_STRING_CATALOGS = YES;
				MTL_ENABLE_DEBUG_INFO = NO;
				MTL_FAST_MATH = YES;
				SWIFT_COMPILATION_MODE = wholemodule;
			};
			name = Release;
		};
		04FA39E12C6D64D400F1A0CD /* Debug */ = {
			isa = XCBuildConfiguration;
			buildSettings = {
				ASSETCATALOG_COMPILER_APPICON_NAME = AppIcon;
				ASSETCATALOG_COMPILER_GLOBAL_ACCENT_COLOR_NAME = AccentColor;
				CODE_SIGN_ENTITLEMENTS = Spot/Spot.entitlements;
				CODE_SIGN_STYLE = Automatic;
				CURRENT_PROJECT_VERSION = 1;
				DEAD_CODE_STRIPPING = YES;
				DEVELOPMENT_ASSET_PATHS = "\"Spot/Core/Resources/Preview Content\"";
				DEVELOPMENT_TEAM = FMC83QG7D6;
				ENABLE_HARDENED_RUNTIME = YES;
				ENABLE_PREVIEWS = YES;
				GENERATE_INFOPLIST_FILE = YES;
				INFOPLIST_FILE = Spot/Info.plist;
				INFOPLIST_KEY_CFBundleDisplayName = "Spot Tokens";
				INFOPLIST_KEY_LSApplicationCategoryType = "public.app-category.developer-tools";
				"INFOPLIST_KEY_UIApplicationSceneManifest_Generation[sdk=iphoneos*]" = YES;
				"INFOPLIST_KEY_UIApplicationSceneManifest_Generation[sdk=iphonesimulator*]" = YES;
				"INFOPLIST_KEY_UIApplicationSupportsIndirectInputEvents[sdk=iphoneos*]" = YES;
				"INFOPLIST_KEY_UIApplicationSupportsIndirectInputEvents[sdk=iphonesimulator*]" = YES;
				"INFOPLIST_KEY_UILaunchScreen_Generation[sdk=iphoneos*]" = YES;
				"INFOPLIST_KEY_UILaunchScreen_Generation[sdk=iphonesimulator*]" = YES;
				INFOPLIST_KEY_UIStatusBarStyle = UIStatusBarStyleDarkContent;
				"INFOPLIST_KEY_UIStatusBarStyle[sdk=iphoneos*]" = UIStatusBarStyleDefault;
				"INFOPLIST_KEY_UIStatusBarStyle[sdk=iphonesimulator*]" = UIStatusBarStyleDefault;
				INFOPLIST_KEY_UISupportedInterfaceOrientations = UIInterfaceOrientationPortrait;
				INFOPLIST_KEY_UISupportedInterfaceOrientations_iPad = "UIInterfaceOrientationLandscapeLeft UIInterfaceOrientationLandscapeRight UIInterfaceOrientationPortrait UIInterfaceOrientationPortraitUpsideDown";
				IPHONEOS_DEPLOYMENT_TARGET = 16.0;
				LD_RUNPATH_SEARCH_PATHS = "@executable_path/Frameworks";
				"LD_RUNPATH_SEARCH_PATHS[sdk=macosx*]" = "@executable_path/../Frameworks";
				MACOSX_DEPLOYMENT_TARGET = 14.5;
				MARKETING_VERSION = 1.0;
				PRODUCT_BUNDLE_IDENTIFIER = com.spot.test;
				PRODUCT_NAME = "$(TARGET_NAME)";
				SDKROOT = auto;
				SUPPORTED_PLATFORMS = "iphoneos iphonesimulator";
				SUPPORTS_MACCATALYST = NO;
				SWIFT_EMIT_LOC_STRINGS = YES;
				SWIFT_VERSION = 5.0;
				TARGETED_DEVICE_FAMILY = 1;
			};
			name = Debug;
		};
		04FA39E22C6D64D400F1A0CD /* Release */ = {
			isa = XCBuildConfiguration;
			buildSettings = {
				ASSETCATALOG_COMPILER_APPICON_NAME = AppIcon;
				ASSETCATALOG_COMPILER_GLOBAL_ACCENT_COLOR_NAME = AccentColor;
				CODE_SIGN_ENTITLEMENTS = Spot/Spot.entitlements;
				CODE_SIGN_STYLE = Automatic;
				CURRENT_PROJECT_VERSION = 1;
				DEAD_CODE_STRIPPING = YES;
				DEVELOPMENT_ASSET_PATHS = "\"Spot/Core/Resources/Preview Content\"";
				DEVELOPMENT_TEAM = FMC83QG7D6;
				ENABLE_HARDENED_RUNTIME = YES;
				ENABLE_PREVIEWS = YES;
				GENERATE_INFOPLIST_FILE = YES;
				INFOPLIST_FILE = Spot/Info.plist;
				INFOPLIST_KEY_CFBundleDisplayName = "Spot Tokens";
				INFOPLIST_KEY_LSApplicationCategoryType = "public.app-category.developer-tools";
				"INFOPLIST_KEY_UIApplicationSceneManifest_Generation[sdk=iphoneos*]" = YES;
				"INFOPLIST_KEY_UIApplicationSceneManifest_Generation[sdk=iphonesimulator*]" = YES;
				"INFOPLIST_KEY_UIApplicationSupportsIndirectInputEvents[sdk=iphoneos*]" = YES;
				"INFOPLIST_KEY_UIApplicationSupportsIndirectInputEvents[sdk=iphonesimulator*]" = YES;
				"INFOPLIST_KEY_UILaunchScreen_Generation[sdk=iphoneos*]" = YES;
				"INFOPLIST_KEY_UILaunchScreen_Generation[sdk=iphonesimulator*]" = YES;
				INFOPLIST_KEY_UIStatusBarStyle = UIStatusBarStyleDarkContent;
				"INFOPLIST_KEY_UIStatusBarStyle[sdk=iphoneos*]" = UIStatusBarStyleDefault;
				"INFOPLIST_KEY_UIStatusBarStyle[sdk=iphonesimulator*]" = UIStatusBarStyleDefault;
				INFOPLIST_KEY_UISupportedInterfaceOrientations = UIInterfaceOrientationPortrait;
				INFOPLIST_KEY_UISupportedInterfaceOrientations_iPad = "UIInterfaceOrientationLandscapeLeft UIInterfaceOrientationLandscapeRight UIInterfaceOrientationPortrait UIInterfaceOrientationPortraitUpsideDown";
				IPHONEOS_DEPLOYMENT_TARGET = 16.0;
				LD_RUNPATH_SEARCH_PATHS = "@executable_path/Frameworks";
				"LD_RUNPATH_SEARCH_PATHS[sdk=macosx*]" = "@executable_path/../Frameworks";
				MACOSX_DEPLOYMENT_TARGET = 14.5;
				MARKETING_VERSION = 1.0;
				PRODUCT_BUNDLE_IDENTIFIER = com.spot.test;
				PRODUCT_NAME = "$(TARGET_NAME)";
				SDKROOT = auto;
				SUPPORTED_PLATFORMS = "iphoneos iphonesimulator";
				SUPPORTS_MACCATALYST = NO;
				SWIFT_EMIT_LOC_STRINGS = YES;
				SWIFT_VERSION = 5.0;
				TARGETED_DEVICE_FAMILY = 1;
			};
			name = Release;
		};
/* End XCBuildConfiguration section */

/* Begin XCConfigurationList section */
		04FA39B62C6D64D300F1A0CD /* Build configuration list for PBXProject "Spot" */ = {
			isa = XCConfigurationList;
			buildConfigurations = (
				04FA39DE2C6D64D400F1A0CD /* Debug */,
				04FA39DF2C6D64D400F1A0CD /* Release */,
			);
			defaultConfigurationIsVisible = 0;
			defaultConfigurationName = Release;
		};
		04FA39E02C6D64D400F1A0CD /* Build configuration list for PBXNativeTarget "Spot" */ = {
			isa = XCConfigurationList;
			buildConfigurations = (
				04FA39E12C6D64D400F1A0CD /* Debug */,
				04FA39E22C6D64D400F1A0CD /* Release */,
			);
			defaultConfigurationIsVisible = 0;
			defaultConfigurationName = Release;
		};
/* End XCConfigurationList section */

/* Begin XCRemoteSwiftPackageReference section */
		0468ECDA2CD556EC00F292E5 /* XCRemoteSwiftPackageReference "Kingfisher" */ = {
			isa = XCRemoteSwiftPackageReference;
			repositoryURL = "https://github.com/onevcat/Kingfisher.git";
			requirement = {
				kind = upToNextMajorVersion;
				minimumVersion = 8.1.0;
			};
		};
		0468ECDD2CD5572300F292E5 /* XCRemoteSwiftPackageReference "Alamofire" */ = {
			isa = XCRemoteSwiftPackageReference;
			repositoryURL = "https://github.com/Alamofire/Alamofire";
			requirement = {
				kind = upToNextMajorVersion;
				minimumVersion = 5.10.1;
			};
		};
/* End XCRemoteSwiftPackageReference section */

/* Begin XCSwiftPackageProductDependency section */
		0468ECDB2CD556EC00F292E5 /* Kingfisher */ = {
			isa = XCSwiftPackageProductDependency;
			package = 0468ECDA2CD556EC00F292E5 /* XCRemoteSwiftPackageReference "Kingfisher" */;
			productName = Kingfisher;
		};
		0468ECDE2CD5572300F292E5 /* Alamofire */ = {
			isa = XCSwiftPackageProductDependency;
			package = 0468ECDD2CD5572300F292E5 /* XCRemoteSwiftPackageReference "Alamofire" */;
			productName = Alamofire;
		};
/* End XCSwiftPackageProductDependency section */
	};
	rootObject = 04FA39B32C6D64D300F1A0CD /* Project object */;
}
