{
  "originHash" : "565052d2e4f1af59a54bc2537306e1dd87dc14b8f429c5426627eba63b22f2f6",
  "pins" : [
    {
      "identity" : "alamofire",
      "kind" : "remoteSourceControl",
      "location" : "https://github.com/Alamofire/Alamofire",
      "state" : {
        "revision" : "e16d3481f5ed35f0472cb93350085853d754913f",
        "version" : "5.10.1"
      }
    },
    {
      "identity" : "kingfisher",
      "kind" : "remoteSourceControl",
      "location" : "https://github.com/onevcat/Kingfisher.git",
      "state" : {
        "revision" : "c0940e241945e6378c01fbd45fd3815579d47ef5",
        "version" : "8.1.0"
      }
    }
  ],
  "version" : 3
}
